
Microsoft Visual Studio Solution File, Format Version 12.00
# Visual Studio Version 17
VisualStudioVersion = 17.5.002.0
MinimumVisualStudioVersion = 10.0.40219.1
Project("{9A19103F-16F7-4668-BE54-9A1E7A4F7556}") = "Calculator", "Calculator\Calculator.csproj", "{AC821CD7-1F00-4949-B25E-52B7F724F26D}"
EndProject
Project("{FAE04EC0-301F-11D3-BF4B-00C04F79EFBC}") = "CalculatorUnitTestLibrary", "CalculatorUnitTestLibrary\CalculatorUnitTestLibrary.csproj", "{524C3F83-39B2-499F-BC53-886C76BF3DF1}"
EndProject
Project("{FAE04EC0-301F-11D3-BF4B-00C04F79EFBC}") = "CalculatorMsUnitTests", "CalculatorMsUnitTests\CalculatorMsUnitTests.csproj", "{D65DEE58-4007-4387-9731-E50AF764693F}"
EndProject
Project("{FAE04EC0-301F-11D3-BF4B-00C04F79EFBC}") = "StringLibrary", "StringLibrary\StringLibrary.csproj", "{720F9366-94A0-4950-97CE-D7D506D7A22A}"
EndProject
Global
	GlobalSection(SolutionConfigurationPlatforms) = preSolution
		Debug|Any CPU = Debug|Any CPU
		Release|Any CPU = Release|Any CPU
	EndGlobalSection
	GlobalSection(ProjectConfigurationPlatforms) = postSolution
		{AC821CD7-1F00-4949-B25E-52B7F724F26D}.Debug|Any CPU.ActiveCfg = Debug|Any CPU
		{AC821CD7-1F00-4949-B25E-52B7F724F26D}.Debug|Any CPU.Build.0 = Debug|Any CPU
		{AC821CD7-1F00-4949-B25E-52B7F724F26D}.Release|Any CPU.ActiveCfg = Release|Any CPU
		{AC821CD7-1F00-4949-B25E-52B7F724F26D}.Release|Any CPU.Build.0 = Release|Any CPU
		{524C3F83-39B2-499F-BC53-886C76BF3DF1}.Debug|Any CPU.ActiveCfg = Debug|Any CPU
		{524C3F83-39B2-499F-BC53-886C76BF3DF1}.Debug|Any CPU.Build.0 = Debug|Any CPU
		{524C3F83-39B2-499F-BC53-886C76BF3DF1}.Release|Any CPU.ActiveCfg = Release|Any CPU
		{524C3F83-39B2-499F-BC53-886C76BF3DF1}.Release|Any CPU.Build.0 = Release|Any CPU
		{D65DEE58-4007-4387-9731-E50AF764693F}.Debug|Any CPU.ActiveCfg = Debug|Any CPU
		{D65DEE58-4007-4387-9731-E50AF764693F}.Debug|Any CPU.Build.0 = Debug|Any CPU
		{D65DEE58-4007-4387-9731-E50AF764693F}.Release|Any CPU.ActiveCfg = Release|Any CPU
		{D65DEE58-4007-4387-9731-E50AF764693F}.Release|Any CPU.Build.0 = Release|Any CPU
		{720F9366-94A0-4950-97CE-D7D506D7A22A}.Debug|Any CPU.ActiveCfg = Debug|Any CPU
		{720F9366-94A0-4950-97CE-D7D506D7A22A}.Debug|Any CPU.Build.0 = Debug|Any CPU
		{720F9366-94A0-4950-97CE-D7D506D7A22A}.Release|Any CPU.ActiveCfg = Release|Any CPU
		{720F9366-94A0-4950-97CE-D7D506D7A22A}.Release|Any CPU.Build.0 = Release|Any CPU
	EndGlobalSection
	GlobalSection(SolutionProperties) = preSolution
		HideSolutionNode = FALSE
	EndGlobalSection
	GlobalSection(ExtensibilityGlobals) = postSolution
		SolutionGuid = {C724D69C-5F0E-4AC3-B0CC-0A4B0C1D0B66}
	EndGlobalSection
EndGlobal
